// !$*UTF8*$!
{
	archiveVersion = 1;
	classes = {
	};
	objectVersion = 55;
	objects = {

/* Begin PBXBuildFile section */
		299854EE2754845800CBABAE /* GameView.swift in Sources */ = {isa = PBXBuildFile; fileRef = 299854ED2754845800CBABAE /* GameView.swift */; };
		299854F62755360100CBABAE /* SettingsView.swift in Sources */ = {isa = PBXBuildFile; fileRef = 299854F52755360100CBABAE /* SettingsView.swift */; };
		6B608B392753F817008B9895 /* ButtonView.swift in Sources */ = {isa = PBXBuildFile; fileRef = 6B608B382753F817008B9895 /* ButtonView.swift */; };
		6BCC528727556902006E4433 /* SettingsModel.swift in Sources */ = {isa = PBXBuildFile; fileRef = 6BCC528627556902006E4433 /* SettingsModel.swift */; };
		EB1ADA612746932700D5C7A1 /* BackroundView.swift in Sources */ = {isa = PBXBuildFile; fileRef = EB1ADA602746932700D5C7A1 /* BackroundView.swift */; };
		EB1ADA6327469A1300D5C7A1 /* VisualMarkerView.swift in Sources */ = {isa = PBXBuildFile; fileRef = EB1ADA6227469A1300D5C7A1 /* VisualMarkerView.swift */; };
		EB1ADA652746F7CA00D5C7A1 /* NBackModel.swift in Sources */ = {isa = PBXBuildFile; fileRef = EB1ADA642746F7CA00D5C7A1 /* NBackModel.swift */; };
		EB92CB73274B8FF000133211 /* BoardView.swift in Sources */ = {isa = PBXBuildFile; fileRef = EB92CB72274B8FF000133211 /* BoardView.swift */; };
		EB92CB75274BA19400133211 /* NBackVM.swift in Sources */ = {isa = PBXBuildFile; fileRef = EB92CB74274BA19400133211 /* NBackVM.swift */; };
		EBDD2FA52746389B00A82AE4 /* NBackApp.swift in Sources */ = {isa = PBXBuildFile; fileRef = EBDD2FA42746389B00A82AE4 /* NBackApp.swift */; };
		EBDD2FA72746389B00A82AE4 /* ContentView.swift in Sources */ = {isa = PBXBuildFile; fileRef = EBDD2FA62746389B00A82AE4 /* ContentView.swift */; };
		EBDD2FA92746389D00A82AE4 /* Assets.xcassets in Resources */ = {isa = PBXBuildFile; fileRef = EBDD2FA82746389D00A82AE4 /* Assets.xcassets */; };
		EBDD2FAC2746389D00A82AE4 /* Preview Assets.xcassets in Resources */ = {isa = PBXBuildFile; fileRef = EBDD2FAB2746389D00A82AE4 /* Preview Assets.xcassets */; };
/* End PBXBuildFile section */

/* Begin PBXFileReference section */
		299854ED2754845800CBABAE /* GameView.swift */ = {isa = PBXFileReference; lastKnownFileType = sourcecode.swift; path = GameView.swift; sourceTree = "<group>"; };
		299854F52755360100CBABAE /* SettingsView.swift */ = {isa = PBXFileReference; lastKnownFileType = sourcecode.swift; path = SettingsView.swift; sourceTree = "<group>"; };
		6B608B382753F817008B9895 /* ButtonView.swift */ = {isa = PBXFileReference; lastKnownFileType = sourcecode.swift; path = ButtonView.swift; sourceTree = "<group>"; };
		6BCC528627556902006E4433 /* SettingsModel.swift */ = {isa = PBXFileReference; lastKnownFileType = sourcecode.swift; path = SettingsModel.swift; sourceTree = "<group>"; };
		EB1ADA602746932700D5C7A1 /* BackroundView.swift */ = {isa = PBXFileReference; lastKnownFileType = sourcecode.swift; path = BackroundView.swift; sourceTree = "<group>"; };
		EB1ADA6227469A1300D5C7A1 /* VisualMarkerView.swift */ = {isa = PBXFileReference; lastKnownFileType = sourcecode.swift; path = VisualMarkerView.swift; sourceTree = "<group>"; };
		EB1ADA642746F7CA00D5C7A1 /* NBackModel.swift */ = {isa = PBXFileReference; lastKnownFileType = sourcecode.swift; path = NBackModel.swift; sourceTree = "<group>"; };
		EB92CB72274B8FF000133211 /* BoardView.swift */ = {isa = PBXFileReference; lastKnownFileType = sourcecode.swift; path = BoardView.swift; sourceTree = "<group>"; };
		EB92CB74274BA19400133211 /* NBackVM.swift */ = {isa = PBXFileReference; lastKnownFileType = sourcecode.swift; path = NBackVM.swift; sourceTree = "<group>"; };
		EBDD2FA12746389B00A82AE4 /* NBack.app */ = {isa = PBXFileReference; explicitFileType = wrapper.application; includeInIndex = 0; path = NBack.app; sourceTree = BUILT_PRODUCTS_DIR; };
		EBDD2FA42746389B00A82AE4 /* NBackApp.swift */ = {isa = PBXFileReference; lastKnownFileType = sourcecode.swift; path = NBackApp.swift; sourceTree = "<group>"; };
		EBDD2FA62746389B00A82AE4 /* ContentView.swift */ = {isa = PBXFileReference; lastKnownFileType = sourcecode.swift; path = ContentView.swift; sourceTree = "<group>"; };
		EBDD2FA82746389D00A82AE4 /* Assets.xcassets */ = {isa = PBXFileReference; lastKnownFileType = folder.assetcatalog; path = Assets.xcassets; sourceTree = "<group>"; };
		EBDD2FAB2746389D00A82AE4 /* Preview Assets.xcassets */ = {isa = PBXFileReference; lastKnownFileType = folder.assetcatalog; path = "Preview Assets.xcassets"; sourceTree = "<group>"; };
/* End PBXFileReference section */

/* Begin PBXFrameworksBuildPhase section */
		EBDD2F9E2746389B00A82AE4 /* Frameworks */ = {
			isa = PBXFrameworksBuildPhase;
			buildActionMask = 2147483647;
			files = (
			);
			runOnlyForDeploymentPostprocessing = 0;
		};
/* End PBXFrameworksBuildPhase section */

/* Begin PBXGroup section */
		EB92CB6D274AE93F00133211 /* View */ = {
			isa = PBXGroup;
			children = (
				EBDD2FA62746389B00A82AE4 /* ContentView.swift */,
				EB1ADA6227469A1300D5C7A1 /* VisualMarkerView.swift */,
				EB1ADA602746932700D5C7A1 /* BackroundView.swift */,
				EB92CB72274B8FF000133211 /* BoardView.swift */,
				6B608B382753F817008B9895 /* ButtonView.swift */,
				299854ED2754845800CBABAE /* GameView.swift */,
				299854F52755360100CBABAE /* SettingsView.swift */,
			);
			path = View;
			sourceTree = "<group>";
		};
		EBDD2F982746389B00A82AE4 = {
			isa = PBXGroup;
			children = (
				EBDD2FA32746389B00A82AE4 /* NBack */,
				EBDD2FA22746389B00A82AE4 /* Products */,
			);
			sourceTree = "<group>";
		};
		EBDD2FA22746389B00A82AE4 /* Products */ = {
			isa = PBXGroup;
			children = (
				EBDD2FA12746389B00A82AE4 /* NBack.app */,
			);
			name = Products;
			sourceTree = "<group>";
		};
		EBDD2FA32746389B00A82AE4 /* NBack */ = {
			isa = PBXGroup;
			children = (
				6BCC528627556902006E4433 /* SettingsModel.swift */,
				EBDD2FA42746389B00A82AE4 /* NBackApp.swift */,
				EB92CB74274BA19400133211 /* NBackVM.swift */,
				EB1ADA642746F7CA00D5C7A1 /* NBackModel.swift */,
				EB92CB6D274AE93F00133211 /* View */,
				EBDD2FA82746389D00A82AE4 /* Assets.xcassets */,
				EBDD2FAA2746389D00A82AE4 /* Preview Content */,
			);
			path = NBack;
			sourceTree = "<group>";
		};
		EBDD2FAA2746389D00A82AE4 /* Preview Content */ = {
			isa = PBXGroup;
			children = (
				EBDD2FAB2746389D00A82AE4 /* Preview Assets.xcassets */,
			);
			path = "Preview Content";
			sourceTree = "<group>";
		};
/* End PBXGroup section */

/* Begin PBXNativeTarget section */
		EBDD2FA02746389B00A82AE4 /* NBack */ = {
			isa = PBXNativeTarget;
			buildConfigurationList = EBDD2FAF2746389D00A82AE4 /* Build configuration list for PBXNativeTarget "NBack" */;
			buildPhases = (
				EBDD2F9D2746389B00A82AE4 /* Sources */,
				EBDD2F9E2746389B00A82AE4 /* Frameworks */,
				EBDD2F9F2746389B00A82AE4 /* Resources */,
			);
			buildRules = (
			);
			dependencies = (
			);
			name = NBack;
			productName = TicTacToeSwiftUI;
			productReference = EBDD2FA12746389B00A82AE4 /* NBack.app */;
			productType = "com.apple.product-type.application";
		};
/* End PBXNativeTarget section */

/* Begin PBXProject section */
		EBDD2F992746389B00A82AE4 /* Project object */ = {
			isa = PBXProject;
			attributes = {
				BuildIndependentTargetsInParallel = 1;
				LastSwiftUpdateCheck = 1310;
				LastUpgradeCheck = 1310;
				TargetAttributes = {
					EBDD2FA02746389B00A82AE4 = {
						CreatedOnToolsVersion = 13.1;
					};
				};
			};
			buildConfigurationList = EBDD2F9C2746389B00A82AE4 /* Build configuration list for PBXProject "NBack" */;
			compatibilityVersion = "Xcode 13.0";
			developmentRegion = en;
			hasScannedForEncodings = 0;
			knownRegions = (
				en,
				Base,
			);
			mainGroup = EBDD2F982746389B00A82AE4;
			productRefGroup = EBDD2FA22746389B00A82AE4 /* Products */;
			projectDirPath = "";
			projectRoot = "";
			targets = (
				EBDD2FA02746389B00A82AE4 /* NBack */,
			);
		};
/* End PBXProject section */

/* Begin PBXResourcesBuildPhase section */
		EBDD2F9F2746389B00A82AE4 /* Resources */ = {
			isa = PBXResourcesBuildPhase;
			buildActionMask = 2147483647;
			files = (
				EBDD2FAC2746389D00A82AE4 /* Preview Assets.xcassets in Resources */,
				EBDD2FA92746389D00A82AE4 /* Assets.xcassets in Resources */,
			);
			runOnlyForDeploymentPostprocessing = 0;
		};
/* End PBXResourcesBuildPhase section */

/* Begin PBXSourcesBuildPhase section */
		EBDD2F9D2746389B00A82AE4 /* Sources */ = {
			isa = PBXSourcesBuildPhase;
			buildActionMask = 2147483647;
			files = (
				6BCC528727556902006E4433 /* SettingsModel.swift in Sources */,
				EBDD2FA72746389B00A82AE4 /* ContentView.swift in Sources */,
				6B608B392753F817008B9895 /* ButtonView.swift in Sources */,
				EB92CB75274BA19400133211 /* NBackVM.swift in Sources */,
				299854EE2754845800CBABAE /* GameView.swift in Sources */,
				EB1ADA612746932700D5C7A1 /* BackroundView.swift in Sources */,
				EB1ADA652746F7CA00D5C7A1 /* NBackModel.swift in Sources */,
				EB1ADA6327469A1300D5C7A1 /* VisualMarkerView.swift in Sources */,
				EB92CB73274B8FF000133211 /* BoardView.swift in Sources */,
				EBDD2FA52746389B00A82AE4 /* NBackApp.swift in Sources */,
				299854F62755360100CBABAE /* SettingsView.swift in Sources */,
			);
			runOnlyForDeploymentPostprocessing = 0;
		};
/* End PBXSourcesBuildPhase section */

/* Begin XCBuildConfiguration section */
		EBDD2FAD2746389D00A82AE4 /* Debug */ = {
			isa = XCBuildConfiguration;
			buildSettings = {
				ALWAYS_SEARCH_USER_PATHS = NO;
				CLANG_ANALYZER_NONNULL = YES;
				CLANG_ANALYZER_NUMBER_OBJECT_CONVERSION = YES_AGGRESSIVE;
				CLANG_CXX_LANGUAGE_STANDARD = "gnu++17";
				CLANG_CXX_LIBRARY = "libc++";
				CLANG_ENABLE_MODULES = YES;
				CLANG_ENABLE_OBJC_ARC = YES;
				CLANG_ENABLE_OBJC_WEAK = YES;
				CLANG_WARN_BLOCK_CAPTURE_AUTORELEASING = YES;
				CLANG_WARN_BOOL_CONVERSION = YES;
				CLANG_WARN_COMMA = YES;
				CLANG_WARN_CONSTANT_CONVERSION = YES;
				CLANG_WARN_DEPRECATED_OBJC_IMPLEMENTATIONS = YES;
				CLANG_WARN_DIRECT_OBJC_ISA_USAGE = YES_ERROR;
				CLANG_WARN_DOCUMENTATION_COMMENTS = YES;
				CLANG_WARN_EMPTY_BODY = YES;
				CLANG_WARN_ENUM_CONVERSION = YES;
				CLANG_WARN_INFINITE_RECURSION = YES;
				CLANG_WARN_INT_CONVERSION = YES;
				CLANG_WARN_NON_LITERAL_NULL_CONVERSION = YES;
				CLANG_WARN_OBJC_IMPLICIT_RETAIN_SELF = YES;
				CLANG_WARN_OBJC_LITERAL_CONVERSION = YES;
				CLANG_WARN_OBJC_ROOT_CLASS = YES_ERROR;
				CLANG_WARN_QUOTED_INCLUDE_IN_FRAMEWORK_HEADER = YES;
				CLANG_WARN_RANGE_LOOP_ANALYSIS = YES;
				CLANG_WARN_STRICT_PROTOTYPES = YES;
				CLANG_WARN_SUSPICIOUS_MOVE = YES;
				CLANG_WARN_UNGUARDED_AVAILABILITY = YES_AGGRESSIVE;
				CLANG_WARN_UNREACHABLE_CODE = YES;
				CLANG_WARN__DUPLICATE_METHOD_MATCH = YES;
				COPY_PHASE_STRIP = NO;
				DEBUG_INFORMATION_FORMAT = dwarf;
				ENABLE_STRICT_OBJC_MSGSEND = YES;
				ENABLE_TESTABILITY = YES;
				GCC_C_LANGUAGE_STANDARD = gnu11;
				GCC_DYNAMIC_NO_PIC = NO;
				GCC_NO_COMMON_BLOCKS = YES;
				GCC_OPTIMIZATION_LEVEL = 0;
				GCC_PREPROCESSOR_DEFINITIONS = (
					"DEBUG=1",
					"$(inherited)",
				);
				GCC_WARN_64_TO_32_BIT_CONVERSION = YES;
				GCC_WARN_ABOUT_RETURN_TYPE = YES_ERROR;
				GCC_WARN_UNDECLARED_SELECTOR = YES;
				GCC_WARN_UNINITIALIZED_AUTOS = YES_AGGRESSIVE;
				GCC_WARN_UNUSED_FUNCTION = YES;
				GCC_WARN_UNUSED_VARIABLE = YES;
				IPHONEOS_DEPLOYMENT_TARGET = 15.0;
				MTL_ENABLE_DEBUG_INFO = INCLUDE_SOURCE;
				MTL_FAST_MATH = YES;
				ONLY_ACTIVE_ARCH = YES;
				SDKROOT = iphoneos;
				SWIFT_ACTIVE_COMPILATION_CONDITIONS = DEBUG;
				SWIFT_OPTIMIZATION_LEVEL = "-Onone";
			};
			name = Debug;
		};
		EBDD2FAE2746389D00A82AE4 /* Release */ = {
			isa = XCBuildConfiguration;
			buildSettings = {
				ALWAYS_SEARCH_USER_PATHS = NO;
				CLANG_ANALYZER_NONNULL = YES;
				CLANG_ANALYZER_NUMBER_OBJECT_CONVERSION = YES_AGGRESSIVE;
				CLANG_CXX_LANGUAGE_STANDARD = "gnu++17";
				CLANG_CXX_LIBRARY = "libc++";
				CLANG_ENABLE_MODULES = YES;
				CLANG_ENABLE_OBJC_ARC = YES;
				CLANG_ENABLE_OBJC_WEAK = YES;
				CLANG_WARN_BLOCK_CAPTURE_AUTORELEASING = YES;
				CLANG_WARN_BOOL_CONVERSION = YES;
				CLANG_WARN_COMMA = YES;
				CLANG_WARN_CONSTANT_CONVERSION = YES;
				CLANG_WARN_DEPRECATED_OBJC_IMPLEMENTATIONS = YES;
				CLANG_WARN_DIRECT_OBJC_ISA_USAGE = YES_ERROR;
				CLANG_WARN_DOCUMENTATION_COMMENTS = YES;
				CLANG_WARN_EMPTY_BODY = YES;
				CLANG_WARN_ENUM_CONVERSION = YES;
				CLANG_WARN_INFINITE_RECURSION = YES;
				CLANG_WARN_INT_CONVERSION = YES;
				CLANG_WARN_NON_LITERAL_NULL_CONVERSION = YES;
				CLANG_WARN_OBJC_IMPLICIT_RETAIN_SELF = YES;
				CLANG_WARN_OBJC_LITERAL_CONVERSION = YES;
				CLANG_WARN_OBJC_ROOT_CLASS = YES_ERROR;
				CLANG_WARN_QUOTED_INCLUDE_IN_FRAMEWORK_HEADER = YES;
				CLANG_WARN_RANGE_LOOP_ANALYSIS = YES;
				CLANG_WARN_STRICT_PROTOTYPES = YES;
				CLANG_WARN_SUSPICIOUS_MOVE = YES;
				CLANG_WARN_UNGUARDED_AVAILABILITY = YES_AGGRESSIVE;
				CLANG_WARN_UNREACHABLE_CODE = YES;
				CLANG_WARN__DUPLICATE_METHOD_MATCH = YES;
				COPY_PHASE_STRIP = NO;
				DEBUG_INFORMATION_FORMAT = "dwarf-with-dsym";
				ENABLE_NS_ASSERTIONS = NO;
				ENABLE_STRICT_OBJC_MSGSEND = YES;
				GCC_C_LANGUAGE_STANDARD = gnu11;
				GCC_NO_COMMON_BLOCKS = YES;
				GCC_WARN_64_TO_32_BIT_CONVERSION = YES;
				GCC_WARN_ABOUT_RETURN_TYPE = YES_ERROR;
				GCC_WARN_UNDECLARED_SELECTOR = YES;
				GCC_WARN_UNINITIALIZED_AUTOS = YES_AGGRESSIVE;
				GCC_WARN_UNUSED_FUNCTION = YES;
				GCC_WARN_UNUSED_VARIABLE = YES;
				IPHONEOS_DEPLOYMENT_TARGET = 15.0;
				MTL_ENABLE_DEBUG_INFO = NO;
				MTL_FAST_MATH = YES;
				SDKROOT = iphoneos;
				SWIFT_COMPILATION_MODE = wholemodule;
				SWIFT_OPTIMIZATION_LEVEL = "-O";
				VALIDATE_PRODUCT = YES;
			};
			name = Release;
		};
		EBDD2FB02746389D00A82AE4 /* Debug */ = {
			isa = XCBuildConfiguration;
			buildSettings = {
				ASSETCATALOG_COMPILER_APPICON_NAME = AppIcon;
				ASSETCATALOG_COMPILER_GLOBAL_ACCENT_COLOR_NAME = AccentColor;
				CODE_SIGN_STYLE = Automatic;
				CURRENT_PROJECT_VERSION = 1;
				DEVELOPMENT_ASSET_PATHS = "\"NBack/Preview Content\"";
				DEVELOPMENT_TEAM = Y5N8AH8N8Y;
				ENABLE_PREVIEWS = YES;
				GENERATE_INFOPLIST_FILE = YES;
				INFOPLIST_KEY_UIApplicationSceneManifest_Generation = YES;
				INFOPLIST_KEY_UIApplicationSupportsIndirectInputEvents = YES;
				INFOPLIST_KEY_UILaunchScreen_Generation = YES;
				INFOPLIST_KEY_UISupportedInterfaceOrientations_iPad = "UIInterfaceOrientationPortrait UIInterfaceOrientationPortraitUpsideDown UIInterfaceOrientationLandscapeLeft UIInterfaceOrientationLandscapeRight";
				INFOPLIST_KEY_UISupportedInterfaceOrientations_iPhone = "UIInterfaceOrientationPortrait UIInterfaceOrientationLandscapeLeft UIInterfaceOrientationLandscapeRight";
				LD_RUNPATH_SEARCH_PATHS = (
					"$(inherited)",
					"@executable_path/Frameworks",
				);
				MARKETING_VERSION = 1.0;
				PRODUCT_BUNDLE_IDENTIFIER = solutions.desati.NBack;
				PRODUCT_NAME = "$(TARGET_NAME)";
				SWIFT_EMIT_LOC_STRINGS = YES;
				SWIFT_VERSION = 5.0;
				TARGETED_DEVICE_FAMILY = "1,2";
			};
			name = Debug;
		};
		EBDD2FB12746389D00A82AE4 /* Release */ = {
			isa = XCBuildConfiguration;
			buildSettings = {
				ASSETCATALOG_COMPILER_APPICON_NAME = AppIcon;
				ASSETCATALOG_COMPILER_GLOBAL_ACCENT_COLOR_NAME = AccentColor;
				CODE_SIGN_STYLE = Automatic;
				CURRENT_PROJECT_VERSION = 1;
				DEVELOPMENT_ASSET_PATHS = "\"NBack/Preview Content\"";
				DEVELOPMENT_TEAM = Y5N8AH8N8Y;
				ENABLE_PREVIEWS = YES;
				GENERATE_INFOPLIST_FILE = YES;
				INFOPLIST_KEY_UIApplicationSceneManifest_Generation = YES;
				INFOPLIST_KEY_UIApplicationSupportsIndirectInputEvents = YES;
				INFOPLIST_KEY_UILaunchScreen_Generation = YES;
				INFOPLIST_KEY_UISupportedInterfaceOrientations_iPad = "UIInterfaceOrientationPortrait UIInterfaceOrientationPortraitUpsideDown UIInterfaceOrientationLandscapeLeft UIInterfaceOrientationLandscapeRight";
				INFOPLIST_KEY_UISupportedInterfaceOrientations_iPhone = "UIInterfaceOrientationPortrait UIInterfaceOrientationLandscapeLeft UIInterfaceOrientationLandscapeRight";
				LD_RUNPATH_SEARCH_PATHS = (
					"$(inherited)",
					"@executable_path/Frameworks",
				);
				MARKETING_VERSION = 1.0;
				PRODUCT_BUNDLE_IDENTIFIER = solutions.desati.NBack;
				PRODUCT_NAME = "$(TARGET_NAME)";
				SWIFT_EMIT_LOC_STRINGS = YES;
				SWIFT_VERSION = 5.0;
				TARGETED_DEVICE_FAMILY = "1,2";
			};
			name = Release;
		};
/* End XCBuildConfiguration section */

/* Begin XCConfigurationList section */
		EBDD2F9C2746389B00A82AE4 /* Build configuration list for PBXProject "NBack" */ = {
			isa = XCConfigurationList;
			buildConfigurations = (
				EBDD2FAD2746389D00A82AE4 /* Debug */,
				EBDD2FAE2746389D00A82AE4 /* Release */,
			);
			defaultConfigurationIsVisible = 0;
			defaultConfigurationName = Release;
		};
		EBDD2FAF2746389D00A82AE4 /* Build configuration list for PBXNativeTarget "NBack" */ = {
			isa = XCConfigurationList;
			buildConfigurations = (
				EBDD2FB02746389D00A82AE4 /* Debug */,
				EBDD2FB12746389D00A82AE4 /* Release */,
			);
			defaultConfigurationIsVisible = 0;
			defaultConfigurationName = Release;
		};
/* End XCConfigurationList section */
	};
	rootObject = EBDD2F992746389B00A82AE4 /* Project object */;
}
